// !$*UTF8*$!
{
	archiveVersion = 1;
	classes = {
	};
	objectVersion = 46;
	objects = {

/* Begin PBXBuildFile section */
		8807CAD71CA0844200EAC9F2 /* MaterialButton.swift in Sources */ = {isa = PBXBuildFile; fileRef = 8807CAD61CA0844200EAC9F2 /* MaterialButton.swift */; };
		8807CAD91CA086CE00EAC9F2 /* MaterialTextField.swift in Sources */ = {isa = PBXBuildFile; fileRef = 8807CAD81CA086CE00EAC9F2 /* MaterialTextField.swift */; };
		88083BFF1CA4DEE200FCB6D5 /* Post.swift in Sources */ = {isa = PBXBuildFile; fileRef = 88083BFE1CA4DEE200FCB6D5 /* Post.swift */; };
		886A57931CA07C5900B331DB /* AppDelegate.swift in Sources */ = {isa = PBXBuildFile; fileRef = 886A57921CA07C5900B331DB /* AppDelegate.swift */; };
		886A57951CA07C5900B331DB /* ViewController.swift in Sources */ = {isa = PBXBuildFile; fileRef = 886A57941CA07C5900B331DB /* ViewController.swift */; };
		886A57981CA07C5900B331DB /* Main.storyboard in Resources */ = {isa = PBXBuildFile; fileRef = 886A57961CA07C5900B331DB /* Main.storyboard */; };
		886A579A1CA07C5900B331DB /* Assets.xcassets in Resources */ = {isa = PBXBuildFile; fileRef = 886A57991CA07C5900B331DB /* Assets.xcassets */; };
		886A579D1CA07C5900B331DB /* LaunchScreen.storyboard in Resources */ = {isa = PBXBuildFile; fileRef = 886A579B1CA07C5900B331DB /* LaunchScreen.storyboard */; };
		886A57AC1CA07CA900B331DB /* NotoSans-Bold.ttf in Resources */ = {isa = PBXBuildFile; fileRef = 886A57A81CA07CA900B331DB /* NotoSans-Bold.ttf */; };
		886A57AD1CA07CA900B331DB /* NotoSans-BoldItalic.ttf in Resources */ = {isa = PBXBuildFile; fileRef = 886A57A91CA07CA900B331DB /* NotoSans-BoldItalic.ttf */; };
		886A57AE1CA07CA900B331DB /* NotoSans-Italic.ttf in Resources */ = {isa = PBXBuildFile; fileRef = 886A57AA1CA07CA900B331DB /* NotoSans-Italic.ttf */; };
		886A57AF1CA07CA900B331DB /* NotoSans-Regular.ttf in Resources */ = {isa = PBXBuildFile; fileRef = 886A57AB1CA07CA900B331DB /* NotoSans-Regular.ttf */; };
		886A57B31CA07F0D00B331DB /* MaterialView.swift in Sources */ = {isa = PBXBuildFile; fileRef = 886A57B21CA07F0D00B331DB /* MaterialView.swift */; };
		886A57B61CA0800000B331DB /* Constants.swift in Sources */ = {isa = PBXBuildFile; fileRef = 886A57B51CA0800000B331DB /* Constants.swift */; };
		887C5B3C1CA0FE4B0084B15F /* DataService.swift in Sources */ = {isa = PBXBuildFile; fileRef = 887C5B3B1CA0FE4B0084B15F /* DataService.swift */; };
		88FBC8601CA1CB9D00135A26 /* FeedViewController.swift in Sources */ = {isa = PBXBuildFile; fileRef = 88FBC85F1CA1CB9D00135A26 /* FeedViewController.swift */; };
		88FBC8621CA1CC6900135A26 /* PostCell.swift in Sources */ = {isa = PBXBuildFile; fileRef = 88FBC8611CA1CC6900135A26 /* PostCell.swift */; };
		88FC244B1CA0EFD8005F7F62 /* Bolts.framework in Frameworks */ = {isa = PBXBuildFile; fileRef = 88FC24481CA0EFD8005F7F62 /* Bolts.framework */; };
		88FC244C1CA0EFD8005F7F62 /* FBSDKCoreKit.framework in Frameworks */ = {isa = PBXBuildFile; fileRef = 88FC24491CA0EFD8005F7F62 /* FBSDKCoreKit.framework */; };
		88FC244D1CA0EFD8005F7F62 /* FBSDKLoginKit.framework in Frameworks */ = {isa = PBXBuildFile; fileRef = 88FC244A1CA0EFD8005F7F62 /* FBSDKLoginKit.framework */; };
		970D785877B6C2A5F0381DE2 /* Pods_AppHouse_Showcase.framework in Frameworks */ = {isa = PBXBuildFile; fileRef = 47424DAA556EB8BA800D02AD /* Pods_AppHouse_Showcase.framework */; };
/* End PBXBuildFile section */

/* Begin PBXFileReference section */
		164B41D030A7F324600713DA /* Pods-AppHouse-Showcase.debug.xcconfig */ = {isa = PBXFileReference; includeInIndex = 1; lastKnownFileType = text.xcconfig; name = "Pods-AppHouse-Showcase.debug.xcconfig"; path = "Pods/Target Support Files/Pods-AppHouse-Showcase/Pods-AppHouse-Showcase.debug.xcconfig"; sourceTree = "<group>"; };
		47424DAA556EB8BA800D02AD /* Pods_AppHouse_Showcase.framework */ = {isa = PBXFileReference; explicitFileType = wrapper.framework; includeInIndex = 0; path = Pods_AppHouse_Showcase.framework; sourceTree = BUILT_PRODUCTS_DIR; };
		8807CAD61CA0844200EAC9F2 /* MaterialButton.swift */ = {isa = PBXFileReference; fileEncoding = 4; lastKnownFileType = sourcecode.swift; path = MaterialButton.swift; sourceTree = "<group>"; };
		8807CAD81CA086CE00EAC9F2 /* MaterialTextField.swift */ = {isa = PBXFileReference; fileEncoding = 4; lastKnownFileType = sourcecode.swift; path = MaterialTextField.swift; sourceTree = "<group>"; };
		88083BFE1CA4DEE200FCB6D5 /* Post.swift */ = {isa = PBXFileReference; fileEncoding = 4; lastKnownFileType = sourcecode.swift; path = Post.swift; sourceTree = "<group>"; };
		886A578F1CA07C5900B331DB /* AppHouse-Showcase.app */ = {isa = PBXFileReference; explicitFileType = wrapper.application; includeInIndex = 0; path = "AppHouse-Showcase.app"; sourceTree = BUILT_PRODUCTS_DIR; };
		886A57921CA07C5900B331DB /* AppDelegate.swift */ = {isa = PBXFileReference; lastKnownFileType = sourcecode.swift; path = AppDelegate.swift; sourceTree = "<group>"; };
		886A57941CA07C5900B331DB /* ViewController.swift */ = {isa = PBXFileReference; lastKnownFileType = sourcecode.swift; path = ViewController.swift; sourceTree = "<group>"; };
		886A57971CA07C5900B331DB /* Base */ = {isa = PBXFileReference; lastKnownFileType = file.storyboard; name = Base; path = Base.lproj/Main.storyboard; sourceTree = "<group>"; };
		886A57991CA07C5900B331DB /* Assets.xcassets */ = {isa = PBXFileReference; lastKnownFileType = folder.assetcatalog; path = Assets.xcassets; sourceTree = "<group>"; };
		886A579C1CA07C5900B331DB /* Base */ = {isa = PBXFileReference; lastKnownFileType = file.storyboard; name = Base; path = Base.lproj/LaunchScreen.storyboard; sourceTree = "<group>"; };
		886A579E1CA07C5900B331DB /* Info.plist */ = {isa = PBXFileReference; lastKnownFileType = text.plist.xml; path = Info.plist; sourceTree = "<group>"; };
		886A57A81CA07CA900B331DB /* NotoSans-Bold.ttf */ = {isa = PBXFileReference; lastKnownFileType = file; path = "NotoSans-Bold.ttf"; sourceTree = "<group>"; };
		886A57A91CA07CA900B331DB /* NotoSans-BoldItalic.ttf */ = {isa = PBXFileReference; lastKnownFileType = file; path = "NotoSans-BoldItalic.ttf"; sourceTree = "<group>"; };
		886A57AA1CA07CA900B331DB /* NotoSans-Italic.ttf */ = {isa = PBXFileReference; lastKnownFileType = file; path = "NotoSans-Italic.ttf"; sourceTree = "<group>"; };
		886A57AB1CA07CA900B331DB /* NotoSans-Regular.ttf */ = {isa = PBXFileReference; lastKnownFileType = file; path = "NotoSans-Regular.ttf"; sourceTree = "<group>"; };
		886A57B21CA07F0D00B331DB /* MaterialView.swift */ = {isa = PBXFileReference; fileEncoding = 4; lastKnownFileType = sourcecode.swift; path = MaterialView.swift; sourceTree = "<group>"; };
		886A57B51CA0800000B331DB /* Constants.swift */ = {isa = PBXFileReference; fileEncoding = 4; lastKnownFileType = sourcecode.swift; path = Constants.swift; sourceTree = "<group>"; };
		887C5B3B1CA0FE4B0084B15F /* DataService.swift */ = {isa = PBXFileReference; fileEncoding = 4; lastKnownFileType = sourcecode.swift; path = DataService.swift; sourceTree = "<group>"; };
		88FBC85F1CA1CB9D00135A26 /* FeedViewController.swift */ = {isa = PBXFileReference; fileEncoding = 4; lastKnownFileType = sourcecode.swift; path = FeedViewController.swift; sourceTree = "<group>"; };
		88FBC8611CA1CC6900135A26 /* PostCell.swift */ = {isa = PBXFileReference; fileEncoding = 4; lastKnownFileType = sourcecode.swift; path = PostCell.swift; sourceTree = "<group>"; };
		88FC24481CA0EFD8005F7F62 /* Bolts.framework */ = {isa = PBXFileReference; lastKnownFileType = wrapper.framework; path = Bolts.framework; sourceTree = "<group>"; };
		88FC24491CA0EFD8005F7F62 /* FBSDKCoreKit.framework */ = {isa = PBXFileReference; lastKnownFileType = wrapper.framework; path = FBSDKCoreKit.framework; sourceTree = "<group>"; };
		88FC244A1CA0EFD8005F7F62 /* FBSDKLoginKit.framework */ = {isa = PBXFileReference; lastKnownFileType = wrapper.framework; path = FBSDKLoginKit.framework; sourceTree = "<group>"; };
		9DBA9E913D61A7B93F613108 /* Pods-AppHouse-Showcase.release.xcconfig */ = {isa = PBXFileReference; includeInIndex = 1; lastKnownFileType = text.xcconfig; name = "Pods-AppHouse-Showcase.release.xcconfig"; path = "Pods/Target Support Files/Pods-AppHouse-Showcase/Pods-AppHouse-Showcase.release.xcconfig"; sourceTree = "<group>"; };
/* End PBXFileReference section */

/* Begin PBXFrameworksBuildPhase section */
		886A578C1CA07C5900B331DB /* Frameworks */ = {
			isa = PBXFrameworksBuildPhase;
			buildActionMask = 2147483647;
			files = (
				88FC244B1CA0EFD8005F7F62 /* Bolts.framework in Frameworks */,
				88FC244C1CA0EFD8005F7F62 /* FBSDKCoreKit.framework in Frameworks */,
				88FC244D1CA0EFD8005F7F62 /* FBSDKLoginKit.framework in Frameworks */,
				970D785877B6C2A5F0381DE2 /* Pods_AppHouse_Showcase.framework in Frameworks */,
			);
			runOnlyForDeploymentPostprocessing = 0;
		};
/* End PBXFrameworksBuildPhase section */

/* Begin PBXGroup section */
		886A57861CA07C5900B331DB = {
			isa = PBXGroup;
			children = (
				886A57911CA07C5900B331DB /* AppHouse-Showcase */,
				886A57901CA07C5900B331DB /* Products */,
				A1ECE1DECA584A226CDC52D4 /* Pods */,
				E84FB7A00D2BF098B3A55CEB /* Frameworks */,
			);
			sourceTree = "<group>";
		};
		886A57901CA07C5900B331DB /* Products */ = {
			isa = PBXGroup;
			children = (
				886A578F1CA07C5900B331DB /* AppHouse-Showcase.app */,
			);
			name = Products;
			sourceTree = "<group>";
		};
		886A57911CA07C5900B331DB /* AppHouse-Showcase */ = {
			isa = PBXGroup;
			children = (
				887C5B3A1CA0FE280084B15F /* Services */,
				88FC24471CA0EFC9005F7F62 /* Frameworks */,
				886A57B11CA07D0800B331DB /* Utilities */,
				886A57B01CA07D0000B331DB /* Storyboards */,
				886A57A71CA07C7F00B331DB /* Resources */,
				886A57A61CA07C7800B331DB /* Model */,
				886A57A51CA07C7300B331DB /* View */,
				886A57A41CA07C6D00B331DB /* Controller */,
				886A57921CA07C5900B331DB /* AppDelegate.swift */,
				886A57991CA07C5900B331DB /* Assets.xcassets */,
				886A579E1CA07C5900B331DB /* Info.plist */,
			);
			path = "AppHouse-Showcase";
			sourceTree = "<group>";
		};
		886A57A41CA07C6D00B331DB /* Controller */ = {
			isa = PBXGroup;
			children = (
				886A57941CA07C5900B331DB /* ViewController.swift */,
				88FBC85F1CA1CB9D00135A26 /* FeedViewController.swift */,
			);
			name = Controller;
			sourceTree = "<group>";
		};
		886A57A51CA07C7300B331DB /* View */ = {
			isa = PBXGroup;
			children = (
				886A57B21CA07F0D00B331DB /* MaterialView.swift */,
				8807CAD61CA0844200EAC9F2 /* MaterialButton.swift */,
				8807CAD81CA086CE00EAC9F2 /* MaterialTextField.swift */,
				88FBC8611CA1CC6900135A26 /* PostCell.swift */,
			);
			name = View;
			sourceTree = "<group>";
		};
		886A57A61CA07C7800B331DB /* Model */ = {
			isa = PBXGroup;
			children = (
				88083BFE1CA4DEE200FCB6D5 /* Post.swift */,
			);
			name = Model;
			sourceTree = "<group>";
		};
		886A57A71CA07C7F00B331DB /* Resources */ = {
			isa = PBXGroup;
			children = (
				886A57A81CA07CA900B331DB /* NotoSans-Bold.ttf */,
				886A57A91CA07CA900B331DB /* NotoSans-BoldItalic.ttf */,
				886A57AA1CA07CA900B331DB /* NotoSans-Italic.ttf */,
				886A57AB1CA07CA900B331DB /* NotoSans-Regular.ttf */,
			);
			name = Resources;
			sourceTree = "<group>";
		};
		886A57B01CA07D0000B331DB /* Storyboards */ = {
			isa = PBXGroup;
			children = (
				886A57961CA07C5900B331DB /* Main.storyboard */,
				886A579B1CA07C5900B331DB /* LaunchScreen.storyboard */,
			);
			name = Storyboards;
			sourceTree = "<group>";
		};
		886A57B11CA07D0800B331DB /* Utilities */ = {
			isa = PBXGroup;
			children = (
				886A57B51CA0800000B331DB /* Constants.swift */,
			);
			name = Utilities;
			sourceTree = "<group>";
		};
		887C5B3A1CA0FE280084B15F /* Services */ = {
			isa = PBXGroup;
			children = (
				887C5B3B1CA0FE4B0084B15F /* DataService.swift */,
			);
			name = Services;
			sourceTree = "<group>";
		};
		88FC24471CA0EFC9005F7F62 /* Frameworks */ = {
			isa = PBXGroup;
			children = (
				88FC24481CA0EFD8005F7F62 /* Bolts.framework */,
				88FC24491CA0EFD8005F7F62 /* FBSDKCoreKit.framework */,
				88FC244A1CA0EFD8005F7F62 /* FBSDKLoginKit.framework */,
			);
			name = Frameworks;
			sourceTree = "<group>";
		};
		A1ECE1DECA584A226CDC52D4 /* Pods */ = {
			isa = PBXGroup;
			children = (
				164B41D030A7F324600713DA /* Pods-AppHouse-Showcase.debug.xcconfig */,
				9DBA9E913D61A7B93F613108 /* Pods-AppHouse-Showcase.release.xcconfig */,
			);
			name = Pods;
			sourceTree = "<group>";
		};
		E84FB7A00D2BF098B3A55CEB /* Frameworks */ = {
			isa = PBXGroup;
			children = (
				47424DAA556EB8BA800D02AD /* Pods_AppHouse_Showcase.framework */,
			);
			name = Frameworks;
			sourceTree = "<group>";
		};
/* End PBXGroup section */

/* Begin PBXNativeTarget section */
		886A578E1CA07C5900B331DB /* AppHouse-Showcase */ = {
			isa = PBXNativeTarget;
			buildConfigurationList = 886A57A11CA07C5900B331DB /* Build configuration list for PBXNativeTarget "AppHouse-Showcase" */;
			buildPhases = (
				047C97F982A3AC547CACCBF2 /* Check Pods Manifest.lock */,
				886A578B1CA07C5900B331DB /* Sources */,
				886A578C1CA07C5900B331DB /* Frameworks */,
				886A578D1CA07C5900B331DB /* Resources */,
				3E7C56BAF703DD54FE5745C9 /* Embed Pods Frameworks */,
				9E6A2BAFBDD6DB7188498647 /* Copy Pods Resources */,
			);
			buildRules = (
			);
			dependencies = (
			);
			name = "AppHouse-Showcase";
			productName = "AppHouse-Showcase";
			productReference = 886A578F1CA07C5900B331DB /* AppHouse-Showcase.app */;
			productType = "com.apple.product-type.application";
		};
/* End PBXNativeTarget section */

/* Begin PBXProject section */
		886A57871CA07C5900B331DB /* Project object */ = {
			isa = PBXProject;
			attributes = {
				LastSwiftUpdateCheck = 0720;
				LastUpgradeCheck = 0720;
				ORGANIZATIONNAME = "Project Omicron";
				TargetAttributes = {
					886A578E1CA07C5900B331DB = {
						CreatedOnToolsVersion = 7.2.1;
						DevelopmentTeam = ZVS8K2A3JV;
					};
				};
			};
			buildConfigurationList = 886A578A1CA07C5900B331DB /* Build configuration list for PBXProject "AppHouse-Showcase" */;
			compatibilityVersion = "Xcode 3.2";
			developmentRegion = English;
			hasScannedForEncodings = 0;
			knownRegions = (
				en,
				Base,
			);
			mainGroup = 886A57861CA07C5900B331DB;
			productRefGroup = 886A57901CA07C5900B331DB /* Products */;
			projectDirPath = "";
			projectRoot = "";
			targets = (
				886A578E1CA07C5900B331DB /* AppHouse-Showcase */,
			);
		};
/* End PBXProject section */

/* Begin PBXResourcesBuildPhase section */
		886A578D1CA07C5900B331DB /* Resources */ = {
			isa = PBXResourcesBuildPhase;
			buildActionMask = 2147483647;
			files = (
				886A57AC1CA07CA900B331DB /* NotoSans-Bold.ttf in Resources */,
				886A579D1CA07C5900B331DB /* LaunchScreen.storyboard in Resources */,
				886A57AD1CA07CA900B331DB /* NotoSans-BoldItalic.ttf in Resources */,
				886A57AE1CA07CA900B331DB /* NotoSans-Italic.ttf in Resources */,
				886A579A1CA07C5900B331DB /* Assets.xcassets in Resources */,
				886A57981CA07C5900B331DB /* Main.storyboard in Resources */,
				886A57AF1CA07CA900B331DB /* NotoSans-Regular.ttf in Resources */,
			);
			runOnlyForDeploymentPostprocessing = 0;
		};
/* End PBXResourcesBuildPhase section */

/* Begin PBXShellScriptBuildPhase section */
		047C97F982A3AC547CACCBF2 /* Check Pods Manifest.lock */ = {
			isa = PBXShellScriptBuildPhase;
			buildActionMask = 2147483647;
			files = (
			);
			inputPaths = (
			);
			name = "Check Pods Manifest.lock";
			outputPaths = (
			);
			runOnlyForDeploymentPostprocessing = 0;
			shellPath = /bin/sh;
			shellScript = "diff \"${PODS_ROOT}/../Podfile.lock\" \"${PODS_ROOT}/Manifest.lock\" > /dev/null\nif [[ $? != 0 ]] ; then\n    cat << EOM\nerror: The sandbox is not in sync with the Podfile.lock. Run 'pod install' or update your CocoaPods installation.\nEOM\n    exit 1\nfi\n";
			showEnvVarsInLog = 0;
		};
		3E7C56BAF703DD54FE5745C9 /* Embed Pods Frameworks */ = {
			isa = PBXShellScriptBuildPhase;
			buildActionMask = 2147483647;
			files = (
			);
			inputPaths = (
			);
			name = "Embed Pods Frameworks";
			outputPaths = (
			);
			runOnlyForDeploymentPostprocessing = 0;
			shellPath = /bin/sh;
			shellScript = "\"${SRCROOT}/Pods/Target Support Files/Pods-AppHouse-Showcase/Pods-AppHouse-Showcase-frameworks.sh\"\n";
			showEnvVarsInLog = 0;
		};
		9E6A2BAFBDD6DB7188498647 /* Copy Pods Resources */ = {
			isa = PBXShellScriptBuildPhase;
			buildActionMask = 2147483647;
			files = (
			);
			inputPaths = (
			);
			name = "Copy Pods Resources";
			outputPaths = (
			);
			runOnlyForDeploymentPostprocessing = 0;
			shellPath = /bin/sh;
			shellScript = "\"${SRCROOT}/Pods/Target Support Files/Pods-AppHouse-Showcase/Pods-AppHouse-Showcase-resources.sh\"\n";
			showEnvVarsInLog = 0;
		};
/* End PBXShellScriptBuildPhase section */

/* Begin PBXSourcesBuildPhase section */
		886A578B1CA07C5900B331DB /* Sources */ = {
			isa = PBXSourcesBuildPhase;
			buildActionMask = 2147483647;
			files = (
				8807CAD91CA086CE00EAC9F2 /* MaterialTextField.swift in Sources */,
				887C5B3C1CA0FE4B0084B15F /* DataService.swift in Sources */,
				886A57B31CA07F0D00B331DB /* MaterialView.swift in Sources */,
				886A57B61CA0800000B331DB /* Constants.swift in Sources */,
				886A57951CA07C5900B331DB /* ViewController.swift in Sources */,
				88FBC8621CA1CC6900135A26 /* PostCell.swift in Sources */,
				886A57931CA07C5900B331DB /* AppDelegate.swift in Sources */,
				88FBC8601CA1CB9D00135A26 /* FeedViewController.swift in Sources */,
				8807CAD71CA0844200EAC9F2 /* MaterialButton.swift in Sources */,
				88083BFF1CA4DEE200FCB6D5 /* Post.swift in Sources */,
			);
			runOnlyForDeploymentPostprocessing = 0;
		};
/* End PBXSourcesBuildPhase section */

/* Begin PBXVariantGroup section */
		886A57961CA07C5900B331DB /* Main.storyboard */ = {
			isa = PBXVariantGroup;
			children = (
				886A57971CA07C5900B331DB /* Base */,
			);
			name = Main.storyboard;
			sourceTree = "<group>";
		};
		886A579B1CA07C5900B331DB /* LaunchScreen.storyboard */ = {
			isa = PBXVariantGroup;
			children = (
				886A579C1CA07C5900B331DB /* Base */,
			);
			name = LaunchScreen.storyboard;
			sourceTree = "<group>";
		};
/* End PBXVariantGroup section */

/* Begin XCBuildConfiguration section */
		886A579F1CA07C5900B331DB /* Debug */ = {
			isa = XCBuildConfiguration;
			buildSettings = {
				ALWAYS_SEARCH_USER_PATHS = NO;
				CLANG_CXX_LANGUAGE_STANDARD = "gnu++0x";
				CLANG_CXX_LIBRARY = "libc++";
				CLANG_ENABLE_MODULES = YES;
				CLANG_ENABLE_OBJC_ARC = YES;
				CLANG_WARN_BOOL_CONVERSION = YES;
				CLANG_WARN_CONSTANT_CONVERSION = YES;
				CLANG_WARN_DIRECT_OBJC_ISA_USAGE = YES_ERROR;
				CLANG_WARN_EMPTY_BODY = YES;
				CLANG_WARN_ENUM_CONVERSION = YES;
				CLANG_WARN_INT_CONVERSION = YES;
				CLANG_WARN_OBJC_ROOT_CLASS = YES_ERROR;
				CLANG_WARN_UNREACHABLE_CODE = YES;
				CLANG_WARN__DUPLICATE_METHOD_MATCH = YES;
				"CODE_SIGN_IDENTITY[sdk=iphoneos*]" = "iPhone Developer";
				COPY_PHASE_STRIP = NO;
				DEBUG_INFORMATION_FORMAT = dwarf;
				ENABLE_STRICT_OBJC_MSGSEND = YES;
				ENABLE_TESTABILITY = YES;
				GCC_C_LANGUAGE_STANDARD = gnu99;
				GCC_DYNAMIC_NO_PIC = NO;
				GCC_NO_COMMON_BLOCKS = YES;
				GCC_OPTIMIZATION_LEVEL = 0;
				GCC_PREPROCESSOR_DEFINITIONS = (
					"DEBUG=1",
					"$(inherited)",
				);
				GCC_WARN_64_TO_32_BIT_CONVERSION = YES;
				GCC_WARN_ABOUT_RETURN_TYPE = YES_ERROR;
				GCC_WARN_UNDECLARED_SELECTOR = YES;
				GCC_WARN_UNINITIALIZED_AUTOS = YES_AGGRESSIVE;
				GCC_WARN_UNUSED_FUNCTION = YES;
				GCC_WARN_UNUSED_VARIABLE = YES;
				IPHONEOS_DEPLOYMENT_TARGET = 9.2;
				MTL_ENABLE_DEBUG_INFO = YES;
				ONLY_ACTIVE_ARCH = YES;
				SDKROOT = iphoneos;
				SWIFT_OPTIMIZATION_LEVEL = "-Onone";
				TARGETED_DEVICE_FAMILY = "1,2";
			};
			name = Debug;
		};
		886A57A01CA07C5900B331DB /* Release */ = {
			isa = XCBuildConfiguration;
			buildSettings = {
				ALWAYS_SEARCH_USER_PATHS = NO;
				CLANG_CXX_LANGUAGE_STANDARD = "gnu++0x";
				CLANG_CXX_LIBRARY = "libc++";
				CLANG_ENABLE_MODULES = YES;
				CLANG_ENABLE_OBJC_ARC = YES;
				CLANG_WARN_BOOL_CONVERSION = YES;
				CLANG_WARN_CONSTANT_CONVERSION = YES;
				CLANG_WARN_DIRECT_OBJC_ISA_USAGE = YES_ERROR;
				CLANG_WARN_EMPTY_BODY = YES;
				CLANG_WARN_ENUM_CONVERSION = YES;
				CLANG_WARN_INT_CONVERSION = YES;
				CLANG_WARN_OBJC_ROOT_CLASS = YES_ERROR;
				CLANG_WARN_UNREACHABLE_CODE = YES;
				CLANG_WARN__DUPLICATE_METHOD_MATCH = YES;
				"CODE_SIGN_IDENTITY[sdk=iphoneos*]" = "iPhone Developer";
				COPY_PHASE_STRIP = NO;
				DEBUG_INFORMATION_FORMAT = "dwarf-with-dsym";
				ENABLE_NS_ASSERTIONS = NO;
				ENABLE_STRICT_OBJC_MSGSEND = YES;
				GCC_C_LANGUAGE_STANDARD = gnu99;
				GCC_NO_COMMON_BLOCKS = YES;
				GCC_WARN_64_TO_32_BIT_CONVERSION = YES;
				GCC_WARN_ABOUT_RETURN_TYPE = YES_ERROR;
				GCC_WARN_UNDECLARED_SELECTOR = YES;
				GCC_WARN_UNINITIALIZED_AUTOS = YES_AGGRESSIVE;
				GCC_WARN_UNUSED_FUNCTION = YES;
				GCC_WARN_UNUSED_VARIABLE = YES;
				IPHONEOS_DEPLOYMENT_TARGET = 9.2;
				MTL_ENABLE_DEBUG_INFO = NO;
				SDKROOT = iphoneos;
				TARGETED_DEVICE_FAMILY = "1,2";
				VALIDATE_PRODUCT = YES;
			};
			name = Release;
		};
		886A57A21CA07C5900B331DB /* Debug */ = {
			isa = XCBuildConfiguration;
			baseConfigurationReference = 164B41D030A7F324600713DA /* Pods-AppHouse-Showcase.debug.xcconfig */;
			buildSettings = {
				ASSETCATALOG_COMPILER_APPICON_NAME = AppIcon;
				CODE_SIGN_IDENTITY = "iPhone Developer";
				"CODE_SIGN_IDENTITY[sdk=iphoneos*]" = "iPhone Developer";
				ENABLE_BITCODE = NO;
				FRAMEWORK_SEARCH_PATHS = (
					"$(inherited)",
					"$(PROJECT_DIR)/AppHouse-Showcase",
				);
				INFOPLIST_FILE = "AppHouse-Showcase/Info.plist";
				LD_RUNPATH_SEARCH_PATHS = "$(inherited) @executable_path/Frameworks";
				PRODUCT_BUNDLE_IDENTIFIER = "com.projectomicron.AppHouse-Showcase";
				PRODUCT_NAME = "$(TARGET_NAME)";
				PROVISIONING_PROFILE = "";
			};
			name = Debug;
		};
		886A57A31CA07C5900B331DB /* Release */ = {
			isa = XCBuildConfiguration;
			baseConfigurationReference = 9DBA9E913D61A7B93F613108 /* Pods-AppHouse-Showcase.release.xcconfig */;
			buildSettings = {
				ASSETCATALOG_COMPILER_APPICON_NAME = AppIcon;
				CODE_SIGN_IDENTITY = "iPhone Developer";
				"CODE_SIGN_IDENTITY[sdk=iphoneos*]" = "iPhone Developer";
				ENABLE_BITCODE = NO;
				FRAMEWORK_SEARCH_PATHS = (
					"$(inherited)",
					"$(PROJECT_DIR)/AppHouse-Showcase",
				);
				INFOPLIST_FILE = "AppHouse-Showcase/Info.plist";
				LD_RUNPATH_SEARCH_PATHS = "$(inherited) @executable_path/Frameworks";
				PRODUCT_BUNDLE_IDENTIFIER = "com.projectomicron.AppHouse-Showcase";
				PRODUCT_NAME = "$(TARGET_NAME)";
				PROVISIONING_PROFILE = "";
			};
			name = Release;
		};
/* End XCBuildConfiguration section */

/* Begin XCConfigurationList section */
		886A578A1CA07C5900B331DB /* Build configuration list for PBXProject "AppHouse-Showcase" */ = {
			isa = XCConfigurationList;
			buildConfigurations = (
				886A579F1CA07C5900B331DB /* Debug */,
				886A57A01CA07C5900B331DB /* Release */,
			);
			defaultConfigurationIsVisible = 0;
			defaultConfigurationName = Release;
		};
		886A57A11CA07C5900B331DB /* Build configuration list for PBXNativeTarget "AppHouse-Showcase" */ = {
			isa = XCConfigurationList;
			buildConfigurations = (
				886A57A21CA07C5900B331DB /* Debug */,
				886A57A31CA07C5900B331DB /* Release */,
			);
			defaultConfigurationIsVisible = 0;
			defaultConfigurationName = Release;
		};
/* End XCConfigurationList section */
	};
	rootObject = 886A57871CA07C5900B331DB /* Project object */;
}
